
Microsoft Visual Studio Solution File, Format Version 12.00
# Visual Studio Version 17
VisualStudioVersion = 17.2.32505.173
MinimumVisualStudioVersion = 10.0.40219.1
Project("{9A19103F-16F7-4668-BE54-9A1E7A4F7556}") = "1303_ClientServer", "1303_ClientServer\1303_ClientServer.csproj", "{F963BE72-1B7C-413C-A353-B2C1807CAF7A}"
EndProject
Project("{9A19103F-16F7-4668-BE54-9A1E7A4F7556}") = "GameClientConsoleApp", "GameConsoleApp\GameClientConsoleApp.csproj", "{00BA8091-5F2F-4194-BE31-2B5E823FBEBF}"
EndProject
Project("{9A19103F-16F7-4668-BE54-9A1E7A4F7556}") = "TcpClient", "TcpClient\TcpClient.csproj", "{7FA2ABAC-52FB-496A-B3D1-1051771F0D28}"
EndProject
Project("{9A19103F-16F7-4668-BE54-9A1E7A4F7556}") = "GameManager", "GameManager\GameManager.csproj", "{03C67017-1846-48B0-AD20-BFFCD430D55F}"
EndProject
Project("{9A19103F-16F7-4668-BE54-9A1E7A4F7556}") = "TcpServer", "TcpServer\TcpServer.csproj", "{A923E746-F70A-46C6-9B65-4DEE622913C2}"
EndProject
Project("{2150E333-8FDC-42A3-9474-1A3956D46DE8}") = "Project", "Project", "{CE863302-7D26-4A90-A7CB-E0ACFCE878C4}"
EndProject
Project("{2150E333-8FDC-42A3-9474-1A3956D46DE8}") = "CourseSection", "CourseSection", "{308C5FC4-EA2D-4462-ACCC-0DE62CABA914}"
EndProject
Project("{9A19103F-16F7-4668-BE54-9A1E7A4F7556}") = "TcpSimpleClient", "TcpSimpleClient\TcpSimpleClient.csproj", "{CE32F0D9-6696-4114-8AF0-D670C0C1E03E}"
EndProject
Project("{9A19103F-16F7-4668-BE54-9A1E7A4F7556}") = "TcpSimpleServer", "TcpSimpleServer\TcpSimpleServer.csproj", "{6ECFD0EB-9FB5-46BA-AA49-CA9F878959C9}"
EndProject
Project("{9A19103F-16F7-4668-BE54-9A1E7A4F7556}") = "UdpSimpleClient", "UdpSimpleClient\UdpSimpleClient.csproj", "{2C5DF8E8-3964-45AF-B272-D6DC5C5A6A8A}"
EndProject
Project("{9A19103F-16F7-4668-BE54-9A1E7A4F7556}") = "UdpSimpleServer", "UdpSimpleServer\UdpSimpleServer.csproj", "{DC419D1E-B32C-4329-A46E-BACF05FF87DE}"
EndProject
Project("{9A19103F-16F7-4668-BE54-9A1E7A4F7556}") = "TcpClientWithSocket", "TcpClientWithSocket\TcpClientWithSocket.csproj", "{06F8FD6B-8877-4ADB-8D72-8BD5FADB9A11}"
EndProject
Project("{9A19103F-16F7-4668-BE54-9A1E7A4F7556}") = "TcpServerWithSocket", "TcpServerWithSocket\TcpServerWithSocket.csproj", "{001E27A4-8819-418D-A6F7-B56246E6BC3E}"
EndProject
Project("{9A19103F-16F7-4668-BE54-9A1E7A4F7556}") = "Common", "Common\Common.csproj", "{D6A384D3-3FBC-4801-BCAD-ACA813AB1AB0}"
EndProject
Global
	GlobalSection(SolutionConfigurationPlatforms) = preSolution
		Debug|Any CPU = Debug|Any CPU
		Release|Any CPU = Release|Any CPU
	EndGlobalSection
	GlobalSection(ProjectConfigurationPlatforms) = postSolution
		{F963BE72-1B7C-413C-A353-B2C1807CAF7A}.Debug|Any CPU.ActiveCfg = Debug|Any CPU
		{F963BE72-1B7C-413C-A353-B2C1807CAF7A}.Debug|Any CPU.Build.0 = Debug|Any CPU
		{F963BE72-1B7C-413C-A353-B2C1807CAF7A}.Release|Any CPU.ActiveCfg = Release|Any CPU
		{F963BE72-1B7C-413C-A353-B2C1807CAF7A}.Release|Any CPU.Build.0 = Release|Any CPU
		{00BA8091-5F2F-4194-BE31-2B5E823FBEBF}.Debug|Any CPU.ActiveCfg = Debug|Any CPU
		{00BA8091-5F2F-4194-BE31-2B5E823FBEBF}.Debug|Any CPU.Build.0 = Debug|Any CPU
		{00BA8091-5F2F-4194-BE31-2B5E823FBEBF}.Release|Any CPU.ActiveCfg = Release|Any CPU
		{00BA8091-5F2F-4194-BE31-2B5E823FBEBF}.Release|Any CPU.Build.0 = Release|Any CPU
		{7FA2ABAC-52FB-496A-B3D1-1051771F0D28}.Debug|Any CPU.ActiveCfg = Debug|Any CPU
		{7FA2ABAC-52FB-496A-B3D1-1051771F0D28}.Debug|Any CPU.Build.0 = Debug|Any CPU
		{7FA2ABAC-52FB-496A-B3D1-1051771F0D28}.Release|Any CPU.ActiveCfg = Release|Any CPU
		{7FA2ABAC-52FB-496A-B3D1-1051771F0D28}.Release|Any CPU.Build.0 = Release|Any CPU
		{03C67017-1846-48B0-AD20-BFFCD430D55F}.Debug|Any CPU.ActiveCfg = Debug|Any CPU
		{03C67017-1846-48B0-AD20-BFFCD430D55F}.Debug|Any CPU.Build.0 = Debug|Any CPU
		{03C67017-1846-48B0-AD20-BFFCD430D55F}.Release|Any CPU.ActiveCfg = Release|Any CPU
		{03C67017-1846-48B0-AD20-BFFCD430D55F}.Release|Any CPU.Build.0 = Release|Any CPU
		{A923E746-F70A-46C6-9B65-4DEE622913C2}.Debug|Any CPU.ActiveCfg = Debug|Any CPU
		{A923E746-F70A-46C6-9B65-4DEE622913C2}.Debug|Any CPU.Build.0 = Debug|Any CPU
		{A923E746-F70A-46C6-9B65-4DEE622913C2}.Release|Any CPU.ActiveCfg = Release|Any CPU
		{A923E746-F70A-46C6-9B65-4DEE622913C2}.Release|Any CPU.Build.0 = Release|Any CPU
		{CE32F0D9-6696-4114-8AF0-D670C0C1E03E}.Debug|Any CPU.ActiveCfg = Debug|Any CPU
		{CE32F0D9-6696-4114-8AF0-D670C0C1E03E}.Debug|Any CPU.Build.0 = Debug|Any CPU
		{CE32F0D9-6696-4114-8AF0-D670C0C1E03E}.Release|Any CPU.ActiveCfg = Release|Any CPU
		{CE32F0D9-6696-4114-8AF0-D670C0C1E03E}.Release|Any CPU.Build.0 = Release|Any CPU
		{6ECFD0EB-9FB5-46BA-AA49-CA9F878959C9}.Debug|Any CPU.ActiveCfg = Debug|Any CPU
		{6ECFD0EB-9FB5-46BA-AA49-CA9F878959C9}.Debug|Any CPU.Build.0 = Debug|Any CPU
		{6ECFD0EB-9FB5-46BA-AA49-CA9F878959C9}.Release|Any CPU.ActiveCfg = Release|Any CPU
		{6ECFD0EB-9FB5-46BA-AA49-CA9F878959C9}.Release|Any CPU.Build.0 = Release|Any CPU
		{2C5DF8E8-3964-45AF-B272-D6DC5C5A6A8A}.Debug|Any CPU.ActiveCfg = Debug|Any CPU
		{2C5DF8E8-3964-45AF-B272-D6DC5C5A6A8A}.Debug|Any CPU.Build.0 = Debug|Any CPU
		{2C5DF8E8-3964-45AF-B272-D6DC5C5A6A8A}.Release|Any CPU.ActiveCfg = Release|Any CPU
		{2C5DF8E8-3964-45AF-B272-D6DC5C5A6A8A}.Release|Any CPU.Build.0 = Release|Any CPU
		{DC419D1E-B32C-4329-A46E-BACF05FF87DE}.Debug|Any CPU.ActiveCfg = Debug|Any CPU
		{DC419D1E-B32C-4329-A46E-BACF05FF87DE}.Debug|Any CPU.Build.0 = Debug|Any CPU
		{DC419D1E-B32C-4329-A46E-BACF05FF87DE}.Release|Any CPU.ActiveCfg = Release|Any CPU
		{DC419D1E-B32C-4329-A46E-BACF05FF87DE}.Release|Any CPU.Build.0 = Release|Any CPU
		{06F8FD6B-8877-4ADB-8D72-8BD5FADB9A11}.Debug|Any CPU.ActiveCfg = Debug|Any CPU
		{06F8FD6B-8877-4ADB-8D72-8BD5FADB9A11}.Debug|Any CPU.Build.0 = Debug|Any CPU
		{06F8FD6B-8877-4ADB-8D72-8BD5FADB9A11}.Release|Any CPU.ActiveCfg = Release|Any CPU
		{06F8FD6B-8877-4ADB-8D72-8BD5FADB9A11}.Release|Any CPU.Build.0 = Release|Any CPU
		{001E27A4-8819-418D-A6F7-B56246E6BC3E}.Debug|Any CPU.ActiveCfg = Debug|Any CPU
		{001E27A4-8819-418D-A6F7-B56246E6BC3E}.Debug|Any CPU.Build.0 = Debug|Any CPU
		{001E27A4-8819-418D-A6F7-B56246E6BC3E}.Release|Any CPU.ActiveCfg = Release|Any CPU
		{001E27A4-8819-418D-A6F7-B56246E6BC3E}.Release|Any CPU.Build.0 = Release|Any CPU
		{D6A384D3-3FBC-4801-BCAD-ACA813AB1AB0}.Debug|Any CPU.ActiveCfg = Debug|Any CPU
		{D6A384D3-3FBC-4801-BCAD-ACA813AB1AB0}.Debug|Any CPU.Build.0 = Debug|Any CPU
		{D6A384D3-3FBC-4801-BCAD-ACA813AB1AB0}.Release|Any CPU.ActiveCfg = Release|Any CPU
		{D6A384D3-3FBC-4801-BCAD-ACA813AB1AB0}.Release|Any CPU.Build.0 = Release|Any CPU
	EndGlobalSection
	GlobalSection(SolutionProperties) = preSolution
		HideSolutionNode = FALSE
	EndGlobalSection
	GlobalSection(NestedProjects) = preSolution
		{00BA8091-5F2F-4194-BE31-2B5E823FBEBF} = {CE863302-7D26-4A90-A7CB-E0ACFCE878C4}
		{7FA2ABAC-52FB-496A-B3D1-1051771F0D28} = {CE863302-7D26-4A90-A7CB-E0ACFCE878C4}
		{03C67017-1846-48B0-AD20-BFFCD430D55F} = {CE863302-7D26-4A90-A7CB-E0ACFCE878C4}
		{A923E746-F70A-46C6-9B65-4DEE622913C2} = {CE863302-7D26-4A90-A7CB-E0ACFCE878C4}
		{CE32F0D9-6696-4114-8AF0-D670C0C1E03E} = {308C5FC4-EA2D-4462-ACCC-0DE62CABA914}
		{6ECFD0EB-9FB5-46BA-AA49-CA9F878959C9} = {308C5FC4-EA2D-4462-ACCC-0DE62CABA914}
		{2C5DF8E8-3964-45AF-B272-D6DC5C5A6A8A} = {308C5FC4-EA2D-4462-ACCC-0DE62CABA914}
		{DC419D1E-B32C-4329-A46E-BACF05FF87DE} = {308C5FC4-EA2D-4462-ACCC-0DE62CABA914}
		{06F8FD6B-8877-4ADB-8D72-8BD5FADB9A11} = {308C5FC4-EA2D-4462-ACCC-0DE62CABA914}
		{001E27A4-8819-418D-A6F7-B56246E6BC3E} = {308C5FC4-EA2D-4462-ACCC-0DE62CABA914}
		{D6A384D3-3FBC-4801-BCAD-ACA813AB1AB0} = {CE863302-7D26-4A90-A7CB-E0ACFCE878C4}
	EndGlobalSection
	GlobalSection(ExtensibilityGlobals) = postSolution
		SolutionGuid = {7C1E7B7C-7BE9-4C9C-BD16-310E33B61514}
	EndGlobalSection
EndGlobal
